{
  "requires": true,
  "lockfileVersion": 1,
  "dependencies": {
    "@nestjs/config": {
      "version": "0.5.0",
      "resolved": "https://registry.npm.taobao.org/@nestjs/config/download/@nestjs/config-0.5.0.tgz",
      "integrity": "sha1-rREQ2TfsJpQbj85fV1hZBG+Ne0s=",
      "requires": {
        "dotenv": "8.2.0",
        "dotenv-expand": "5.1.0",
        "lodash.get": "4.4.2",
        "lodash.set": "4.3.2",
        "uuid": "8.1.0"
      }
    },
    "@types/axios": {
      "version": "0.14.0",
      "resolved": "https://registry.npm.taobao.org/@types/axios/download/@types/axios-0.14.0.tgz",
      "integrity": "sha1-7CMA++fX3d1+udOr+HmZlkyvzkY=",
      "requires": {
        "axios": "*"
      }
    },
    "axios": {
      "version": "0.21.0",
      "resolved": "https://registry.npm.taobao.org/axios/download/axios-0.21.0.tgz?cache=0&sync_timestamp=1603470451980&other_urls=https%3A%2F%2Fregistry.npm.taobao.org%2Faxios%2Fdownload%2Faxios-0.21.0.tgz",
      "integrity": "sha1-Jt8IiAOiNQ3/LCf5b++Z/klEKso=",
      "requires": {
        "follow-redirects": "^1.10.0"
      }
    },
    "clone": {
      "version": "2.1.2",
      "resolved": "https://registry.npm.taobao.org/clone/download/clone-2.1.2.tgz",
      "integrity": "sha1-G39Ln1kfHo+DZwQBYANFoCiHQ18="
    },
    "dayjs": {
      "version": "1.9.5",
      "resolved": "https://registry.npm.taobao.org/dayjs/download/dayjs-1.9.5.tgz?cache=0&sync_timestamp=1604555075082&other_urls=https%3A%2F%2Fregistry.npm.taobao.org%2Fdayjs%2Fdownload%2Fdayjs-1.9.5.tgz",
      "integrity": "sha1-/UmZTr5xY50s6VdelxhmQt/OmAg="
    },
    "dotenv": {
      "version": "8.2.0",
      "resolved": "https://registry.npm.taobao.org/dotenv/download/dotenv-8.2.0.tgz",
      "integrity": "sha1-l+YZJZradQ7qPk6j4mvO6lQksWo="
    },
    "dotenv-expand": {
      "version": "5.1.0",
      "resolved": "https://registry.npm.taobao.org/dotenv-expand/download/dotenv-expand-5.1.0.tgz",
      "integrity": "sha1-P7rwIL/XlIhAcuomsel5HUWmKfA="
    },
    "follow-redirects": {
      "version": "1.13.0",
      "resolved": "https://registry.npm.taobao.org/follow-redirects/download/follow-redirects-1.13.0.tgz?cache=0&sync_timestamp=1597058070545&other_urls=https%3A%2F%2Fregistry.npm.taobao.org%2Ffollow-redirects%2Fdownload%2Ffollow-redirects-1.13.0.tgz",
      "integrity": "sha1-tC6Nk6Kn7qXtiGM2dtZZe8jjhNs="
    },
    "is-number": {
      "version": "7.0.0",
      "resolved": "https://registry.npm.taobao.org/is-number/download/is-number-7.0.0.tgz",
      "integrity": "sha1-dTU0W4lnNNX4DE0GxQlVUnoU8Ss="
    },
    "lodash.get": {
      "version": "4.4.2",
      "resolved": "https://registry.npm.taobao.org/lodash.get/download/lodash.get-4.4.2.tgz",
      "integrity": "sha1-LRd/ZS+jHpObRDjVNBSZ36OCXpk="
    },
    "lodash.set": {
      "version": "4.3.2",
      "resolved": "https://registry.npm.taobao.org/lodash.set/download/lodash.set-4.3.2.tgz",
      "integrity": "sha1-2HV7HagH3eJIFrDWqEvqGnYjCyM="
    },
    "throttle-debounce": {
      "version": "2.3.0",
      "resolved": "https://registry.npm.taobao.org/throttle-debounce/download/throttle-debounce-2.3.0.tgz?cache=0&sync_timestamp=1604313841379&other_urls=https%3A%2F%2Fregistry.npm.taobao.org%2Fthrottle-debounce%2Fdownload%2Fthrottle-debounce-2.3.0.tgz",
      "integrity": "sha1-/TGGXmZQIHHkEYF+JBRls+nDcuI="
    },
    "uuid": {
      "version": "8.1.0",
      "resolved": "https://registry.npm.taobao.org/uuid/download/uuid-8.1.0.tgz?cache=0&sync_timestamp=1601826420899&other_urls=https%3A%2F%2Fregistry.npm.taobao.org%2Fuuid%2Fdownload%2Fuuid-8.1.0.tgz",
      "integrity": "sha1-bxU260Mkn0c6vGvVj/mD2hyjDY0="
    },
    "vue-ele-form": {
      "version": "0.8.52",
      "resolved": "https://registry.npm.taobao.org/vue-ele-form/download/vue-ele-form-0.8.52.tgz",
      "integrity": "sha1-J2osV3UgqgC4D8FEZcaRgOx7T3A=",
      "requires": {
        "clone": "^2.1.2",
        "dayjs": "^1.8.31",
        "is-number": "^7.0.0",
        "throttle-debounce": "^2.2.1"
      }
    }
  }
}
